// !$*UTF8*$!
{
	archiveVersion = 1;
	classes = {
	};
	objectVersion = 56;
	objects = {

/* Begin PBXBuildFile section */
		0485B2952FC1C96400D4F8C3 /* AppDelegate.swift in Sources */ = {isa = PBXBuildFile; fileRef = 0485B2942FC1C96400D4F8C3 /* AppDelegate.swift */; };
		0485B2972FC1C96400D4F8C3 /* SceneDelegate.swift in Sources */ = {isa = PBXBuildFile; fileRef = 0485B2962FC1C96400D4F8C3 /* SceneDelegate.swift */; };
		0485B2992FC1C96400D4F8C3 /* UsersListViewController.swift in Sources */ = {isa = PBXBuildFile; fileRef = 0485B2982FC1C96400D4F8C3 /* UsersListViewController.swift */; };
		0485B29E2FC1C96600D4F8C3 /* Assets.xcassets in Resources */ = {isa = PBXBuildFile; fileRef = 0485B29D2FC1C96600D4F8C3 /* Assets.xcassets */; };
		0485B2A12FC1C96600D4F8C3 /* LaunchScreen.storyboard in Resources */ = {isa = PBXBuildFile; fileRef = 0485B29F2FC1C96600D4F8C3 /* LaunchScreen.storyboard */; };
		0485B2AC2FC1C96700D4F8C3 /* StackFollowTests.swift in Sources */ = {isa = PBXBuildFile; fileRef = 0485B2AB2FC1C96700D4F8C3 /* StackFollowTests.swift */; };
		0485B2B62FC1C96700D4F8C3 /* StackFollowUITests.swift in Sources */ = {isa = PBXBuildFile; fileRef = 0485B2B52FC1C96700D4F8C3 /* StackFollowUITests.swift */; };
		0485B2B82FC1C96700D4F8C3 /* StackFollowUITestsLaunchTests.swift in Sources */ = {isa = PBXBuildFile; fileRef = 0485B2B72FC1C96700D4F8C3 /* StackFollowUITestsLaunchTests.swift */; };
		0485B2C92FC1E13500D4F8C3 /* UsersListViewModel.swift in Sources */ = {isa = PBXBuildFile; fileRef = 0485B2C82FC1E13500D4F8C3 /* UsersListViewModel.swift */; };
		0485B2CF2FC1FD4100D4F8C3 /* NetworkClient.swift in Sources */ = {isa = PBXBuildFile; fileRef = 0485B2CE2FC1FD4100D4F8C3 /* NetworkClient.swift */; };
		0485B2D42FC2041A00D4F8C3 /* UserService.swift in Sources */ = {isa = PBXBuildFile; fileRef = 0485B2D32FC2041A00D4F8C3 /* UserService.swift */; };
		0485B2D62FC2049500D4F8C3 /* UserModel.swift in Sources */ = {isa = PBXBuildFile; fileRef = 0485B2D52FC2049500D4F8C3 /* UserModel.swift */; };
		0485B2D82FC210EA00D4F8C3 /* NetworkMonitor.swift in Sources */ = {isa = PBXBuildFile; fileRef = 0485B2D72FC210EA00D4F8C3 /* NetworkMonitor.swift */; };
		0485B2DA2FC3015900D4F8C3 /* NetworkError.swift in Sources */ = {isa = PBXBuildFile; fileRef = 0485B2D92FC3015900D4F8C3 /* NetworkError.swift */; };
		0485B2DE2FC43A2F00D4F8C3 /* MockURLSession.swift in Sources */ = {isa = PBXBuildFile; fileRef = 0485B2DD2FC43A2F00D4F8C3 /* MockURLSession.swift */; };
		0485B2E12FC43EE100D4F8C3 /* URLSessionProtocol.swift in Sources */ = {isa = PBXBuildFile; fileRef = 0485B2E02FC43EE100D4F8C3 /* URLSessionProtocol.swift */; };
		0485B2E42FC448C000D4F8C3 /* NetworkClientTest.swift in Sources */ = {isa = PBXBuildFile; fileRef = 0485B2E32FC448C000D4F8C3 /* NetworkClientTest.swift */; };
		0485B2E62FC4688F00D4F8C3 /* MockNetworkMonitor.swift in Sources */ = {isa = PBXBuildFile; fileRef = 0485B2E52FC4688F00D4F8C3 /* MockNetworkMonitor.swift */; };
		0485B2E92FC4787F00D4F8C3 /* UserServiceTest.swift in Sources */ = {isa = PBXBuildFile; fileRef = 0485B2E82FC4787F00D4F8C3 /* UserServiceTest.swift */; };
/* End PBXBuildFile section */

/* Begin PBXContainerItemProxy section */
		0485B2A82FC1C96700D4F8C3 /* PBXContainerItemProxy */ = {
			isa = PBXContainerItemProxy;
			containerPortal = 0485B2892FC1C96400D4F8C3 /* Project object */;
			proxyType = 1;
			remoteGlobalIDString = 0485B2902FC1C96400D4F8C3;
			remoteInfo = StackFollow;
		};
		0485B2B22FC1C96700D4F8C3 /* PBXContainerItemProxy */ = {
			isa = PBXContainerItemProxy;
			containerPortal = 0485B2892FC1C96400D4F8C3 /* Project object */;
			proxyType = 1;
			remoteGlobalIDString = 0485B2902FC1C96400D4F8C3;
			remoteInfo = StackFollow;
		};
/* End PBXContainerItemProxy section */

/* Begin PBXFileReference section */
		0485B2912FC1C96400D4F8C3 /* StackFollow.app */ = {isa = PBXFileReference; explicitFileType = wrapper.application; includeInIndex = 0; path = StackFollow.app; sourceTree = BUILT_PRODUCTS_DIR; };
		0485B2942FC1C96400D4F8C3 /* AppDelegate.swift */ = {isa = PBXFileReference; lastKnownFileType = sourcecode.swift; path = AppDelegate.swift; sourceTree = "<group>"; };
		0485B2962FC1C96400D4F8C3 /* SceneDelegate.swift */ = {isa = PBXFileReference; lastKnownFileType = sourcecode.swift; path = SceneDelegate.swift; sourceTree = "<group>"; };
		0485B2982FC1C96400D4F8C3 /* UsersListViewController.swift */ = {isa = PBXFileReference; lastKnownFileType = sourcecode.swift; path = UsersListViewController.swift; sourceTree = "<group>"; };
		0485B29D2FC1C96600D4F8C3 /* Assets.xcassets */ = {isa = PBXFileReference; lastKnownFileType = folder.assetcatalog; path = Assets.xcassets; sourceTree = "<group>"; };
		0485B2A02FC1C96600D4F8C3 /* Base */ = {isa = PBXFileReference; lastKnownFileType = file.storyboard; name = Base; path = Base.lproj/LaunchScreen.storyboard; sourceTree = "<group>"; };
		0485B2A22FC1C96600D4F8C3 /* Info.plist */ = {isa = PBXFileReference; lastKnownFileType = text.plist.xml; path = Info.plist; sourceTree = "<group>"; };
		0485B2A72FC1C96700D4F8C3 /* StackFollowTests.xctest */ = {isa = PBXFileReference; explicitFileType = wrapper.cfbundle; includeInIndex = 0; path = StackFollowTests.xctest; sourceTree = BUILT_PRODUCTS_DIR; };
		0485B2AB2FC1C96700D4F8C3 /* StackFollowTests.swift */ = {isa = PBXFileReference; lastKnownFileType = sourcecode.swift; path = StackFollowTests.swift; sourceTree = "<group>"; };
		0485B2B12FC1C96700D4F8C3 /* StackFollowUITests.xctest */ = {isa = PBXFileReference; explicitFileType = wrapper.cfbundle; includeInIndex = 0; path = StackFollowUITests.xctest; sourceTree = BUILT_PRODUCTS_DIR; };
		0485B2B52FC1C96700D4F8C3 /* StackFollowUITests.swift */ = {isa = PBXFileReference; lastKnownFileType = sourcecode.swift; path = StackFollowUITests.swift; sourceTree = "<group>"; };
		0485B2B72FC1C96700D4F8C3 /* StackFollowUITestsLaunchTests.swift */ = {isa = PBXFileReference; lastKnownFileType = sourcecode.swift; path = StackFollowUITestsLaunchTests.swift; sourceTree = "<group>"; };
		0485B2C82FC1E13500D4F8C3 /* UsersListViewModel.swift */ = {isa = PBXFileReference; lastKnownFileType = sourcecode.swift; path = UsersListViewModel.swift; sourceTree = "<group>"; };
		0485B2CE2FC1FD4100D4F8C3 /* NetworkClient.swift */ = {isa = PBXFileReference; lastKnownFileType = sourcecode.swift; path = NetworkClient.swift; sourceTree = "<group>"; };
		0485B2D32FC2041A00D4F8C3 /* UserService.swift */ = {isa = PBXFileReference; lastKnownFileType = sourcecode.swift; path = UserService.swift; sourceTree = "<group>"; };
		0485B2D52FC2049500D4F8C3 /* UserModel.swift */ = {isa = PBXFileReference; lastKnownFileType = sourcecode.swift; path = UserModel.swift; sourceTree = "<group>"; };
		0485B2D72FC210EA00D4F8C3 /* NetworkMonitor.swift */ = {isa = PBXFileReference; lastKnownFileType = sourcecode.swift; path = NetworkMonitor.swift; sourceTree = "<group>"; };
		0485B2D92FC3015900D4F8C3 /* NetworkError.swift */ = {isa = PBXFileReference; lastKnownFileType = sourcecode.swift; path = NetworkError.swift; sourceTree = "<group>"; };
		0485B2DD2FC43A2F00D4F8C3 /* MockURLSession.swift */ = {isa = PBXFileReference; lastKnownFileType = sourcecode.swift; path = MockURLSession.swift; sourceTree = "<group>"; };
		0485B2E02FC43EE100D4F8C3 /* URLSessionProtocol.swift */ = {isa = PBXFileReference; lastKnownFileType = sourcecode.swift; path = URLSessionProtocol.swift; sourceTree = "<group>"; };
		0485B2E32FC448C000D4F8C3 /* NetworkClientTest.swift */ = {isa = PBXFileReference; fileEncoding = 4; lastKnownFileType = sourcecode.swift; path = NetworkClientTest.swift; sourceTree = "<group>"; };
		0485B2E52FC4688F00D4F8C3 /* MockNetworkMonitor.swift */ = {isa = PBXFileReference; lastKnownFileType = sourcecode.swift; path = MockNetworkMonitor.swift; sourceTree = "<group>"; };
		0485B2E82FC4787F00D4F8C3 /* UserServiceTest.swift */ = {isa = PBXFileReference; lastKnownFileType = sourcecode.swift; path = UserServiceTest.swift; sourceTree = "<group>"; };
/* End PBXFileReference section */

/* Begin PBXFrameworksBuildPhase section */
		0485B28E2FC1C96400D4F8C3 /* Frameworks */ = {
			isa = PBXFrameworksBuildPhase;
			buildActionMask = 2147483647;
			files = (
			);
			runOnlyForDeploymentPostprocessing = 0;
		};
		0485B2A42FC1C96700D4F8C3 /* Frameworks */ = {
			isa = PBXFrameworksBuildPhase;
			buildActionMask = 2147483647;
			files = (
			);
			runOnlyForDeploymentPostprocessing = 0;
		};
		0485B2AE2FC1C96700D4F8C3 /* Frameworks */ = {
			isa = PBXFrameworksBuildPhase;
			buildActionMask = 2147483647;
			files = (
			);
			runOnlyForDeploymentPostprocessing = 0;
		};
/* End PBXFrameworksBuildPhase section */

/* Begin PBXGroup section */
		0485B2882FC1C96400D4F8C3 = {
			isa = PBXGroup;
			children = (
				0485B2932FC1C96400D4F8C3 /* StackFollow */,
				0485B2AA2FC1C96700D4F8C3 /* StackFollowTests */,
				0485B2B42FC1C96700D4F8C3 /* StackFollowUITests */,
				0485B2922FC1C96400D4F8C3 /* Products */,
			);
			sourceTree = "<group>";
		};
		0485B2922FC1C96400D4F8C3 /* Products */ = {
			isa = PBXGroup;
			children = (
				0485B2912FC1C96400D4F8C3 /* StackFollow.app */,
				0485B2A72FC1C96700D4F8C3 /* StackFollowTests.xctest */,
				0485B2B12FC1C96700D4F8C3 /* StackFollowUITests.xctest */,
			);
			name = Products;
			sourceTree = "<group>";
		};
		0485B2932FC1C96400D4F8C3 /* StackFollow */ = {
			isa = PBXGroup;
			children = (
				0485B2C42FC1CA8000D4F8C3 /* Application */,
				0485B2CA2FC1FCF200D4F8C3 /* Network */,
				0485B2C72FC1E12200D4F8C3 /* ViewModels */,
				0485B2C62FC1CC1E00D4F8C3 /* Views */,
				0485B2C52FC1CA9200D4F8C3 /* Resources */,
				0485B2D02FC2002A00D4F8C3 /* Utilities */,
			);
			path = StackFollow;
			sourceTree = "<group>";
		};
		0485B2AA2FC1C96700D4F8C3 /* StackFollowTests */ = {
			isa = PBXGroup;
			children = (
				0485B2DF2FC43A3500D4F8C3 /* Mocks */,
				0485B2E22FC4428200D4F8C3 /* Network */,
				0485B2AB2FC1C96700D4F8C3 /* StackFollowTests.swift */,
			);
			path = StackFollowTests;
			sourceTree = "<group>";
		};
		0485B2B42FC1C96700D4F8C3 /* StackFollowUITests */ = {
			isa = PBXGroup;
			children = (
				0485B2B52FC1C96700D4F8C3 /* StackFollowUITests.swift */,
				0485B2B72FC1C96700D4F8C3 /* StackFollowUITestsLaunchTests.swift */,
			);
			path = StackFollowUITests;
			sourceTree = "<group>";
		};
		0485B2C42FC1CA8000D4F8C3 /* Application */ = {
			isa = PBXGroup;
			children = (
				0485B2A22FC1C96600D4F8C3 /* Info.plist */,
				0485B2942FC1C96400D4F8C3 /* AppDelegate.swift */,
				0485B2962FC1C96400D4F8C3 /* SceneDelegate.swift */,
			);
			path = Application;
			sourceTree = "<group>";
		};
		0485B2C52FC1CA9200D4F8C3 /* Resources */ = {
			isa = PBXGroup;
			children = (
				0485B29D2FC1C96600D4F8C3 /* Assets.xcassets */,
				0485B29F2FC1C96600D4F8C3 /* LaunchScreen.storyboard */,
			);
			path = Resources;
			sourceTree = "<group>";
		};
		0485B2C62FC1CC1E00D4F8C3 /* Views */ = {
			isa = PBXGroup;
			children = (
				0485B2982FC1C96400D4F8C3 /* UsersListViewController.swift */,
			);
			path = Views;
			sourceTree = "<group>";
		};
		0485B2C72FC1E12200D4F8C3 /* ViewModels */ = {
			isa = PBXGroup;
			children = (
				0485B2C82FC1E13500D4F8C3 /* UsersListViewModel.swift */,
			);
			path = ViewModels;
			sourceTree = "<group>";
		};
		0485B2CA2FC1FCF200D4F8C3 /* Network */ = {
			isa = PBXGroup;
			children = (
				0485B2CB2FC1FD0B00D4F8C3 /* Client */,
				0485B2CC2FC1FD1200D4F8C3 /* Model */,
				0485B2CD2FC1FD1900D4F8C3 /* Services */,
			);
			path = Network;
			sourceTree = "<group>";
		};
		0485B2CB2FC1FD0B00D4F8C3 /* Client */ = {
			isa = PBXGroup;
			children = (
				0485B2CE2FC1FD4100D4F8C3 /* NetworkClient.swift */,
				0485B2D72FC210EA00D4F8C3 /* NetworkMonitor.swift */,
				0485B2D92FC3015900D4F8C3 /* NetworkError.swift */,
				0485B2E02FC43EE100D4F8C3 /* URLSessionProtocol.swift */,
			);
			path = Client;
			sourceTree = "<group>";
		};
		0485B2CC2FC1FD1200D4F8C3 /* Model */ = {
			isa = PBXGroup;
			children = (
				0485B2D52FC2049500D4F8C3 /* UserModel.swift */,
			);
			path = Model;
			sourceTree = "<group>";
		};
		0485B2CD2FC1FD1900D4F8C3 /* Services */ = {
			isa = PBXGroup;
			children = (
				0485B2D32FC2041A00D4F8C3 /* UserService.swift */,
			);
			path = Services;
			sourceTree = "<group>";
		};
		0485B2D02FC2002A00D4F8C3 /* Utilities */ = {
			isa = PBXGroup;
			children = (
			);
			path = Utilities;
			sourceTree = "<group>";
		};
		0485B2DF2FC43A3500D4F8C3 /* Mocks */ = {
			isa = PBXGroup;
			children = (
				0485B2DD2FC43A2F00D4F8C3 /* MockURLSession.swift */,
				0485B2E52FC4688F00D4F8C3 /* MockNetworkMonitor.swift */,
			);
			path = Mocks;
			sourceTree = "<group>";
		};
		0485B2E22FC4428200D4F8C3 /* Network */ = {
			isa = PBXGroup;
			children = (
				0485B2E32FC448C000D4F8C3 /* NetworkClientTest.swift */,
				0485B2E72FC4786F00D4F8C3 /* Services */,
			);
			path = Network;
			sourceTree = "<group>";
		};
		0485B2E72FC4786F00D4F8C3 /* Services */ = {
			isa = PBXGroup;
			children = (
				0485B2E82FC4787F00D4F8C3 /* UserServiceTest.swift */,
			);
			path = Services;
			sourceTree = "<group>";
		};
/* End PBXGroup section */

/* Begin PBXNativeTarget section */
		0485B2902FC1C96400D4F8C3 /* StackFollow */ = {
			isa = PBXNativeTarget;
			buildConfigurationList = 0485B2BB2FC1C96700D4F8C3 /* Build configuration list for PBXNativeTarget "StackFollow" */;
			buildPhases = (
				0485B28D2FC1C96400D4F8C3 /* Sources */,
				0485B28E2FC1C96400D4F8C3 /* Frameworks */,
				0485B28F2FC1C96400D4F8C3 /* Resources */,
			);
			buildRules = (
			);
			dependencies = (
			);
			name = StackFollow;
			productName = StackFollow;
			productReference = 0485B2912FC1C96400D4F8C3 /* StackFollow.app */;
			productType = "com.apple.product-type.application";
		};
		0485B2A62FC1C96700D4F8C3 /* StackFollowTests */ = {
			isa = PBXNativeTarget;
			buildConfigurationList = 0485B2BE2FC1C96700D4F8C3 /* Build configuration list for PBXNativeTarget "StackFollowTests" */;
			buildPhases = (
				0485B2A32FC1C96700D4F8C3 /* Sources */,
				0485B2A42FC1C96700D4F8C3 /* Frameworks */,
				0485B2A52FC1C96700D4F8C3 /* Resources */,
			);
			buildRules = (
			);
			dependencies = (
				0485B2A92FC1C96700D4F8C3 /* PBXTargetDependency */,
			);
			name = StackFollowTests;
			productName = StackFollowTests;
			productReference = 0485B2A72FC1C96700D4F8C3 /* StackFollowTests.xctest */;
			productType = "com.apple.product-type.bundle.unit-test";
		};
		0485B2B02FC1C96700D4F8C3 /* StackFollowUITests */ = {
			isa = PBXNativeTarget;
			buildConfigurationList = 0485B2C12FC1C96700D4F8C3 /* Build configuration list for PBXNativeTarget "StackFollowUITests" */;
			buildPhases = (
				0485B2AD2FC1C96700D4F8C3 /* Sources */,
				0485B2AE2FC1C96700D4F8C3 /* Frameworks */,
				0485B2AF2FC1C96700D4F8C3 /* Resources */,
			);
			buildRules = (
			);
			dependencies = (
				0485B2B32FC1C96700D4F8C3 /* PBXTargetDependency */,
			);
			name = StackFollowUITests;
			productName = StackFollowUITests;
			productReference = 0485B2B12FC1C96700D4F8C3 /* StackFollowUITests.xctest */;
			productType = "com.apple.product-type.bundle.ui-testing";
		};
/* End PBXNativeTarget section */

/* Begin PBXProject section */
		0485B2892FC1C96400D4F8C3 /* Project object */ = {
			isa = PBXProject;
			attributes = {
				BuildIndependentTargetsInParallel = 1;
				LastSwiftUpdateCheck = 1420;
				LastUpgradeCheck = 1420;
				TargetAttributes = {
					0485B2902FC1C96400D4F8C3 = {
						CreatedOnToolsVersion = 14.2;
					};
					0485B2A62FC1C96700D4F8C3 = {
						CreatedOnToolsVersion = 14.2;
						TestTargetID = 0485B2902FC1C96400D4F8C3;
					};
					0485B2B02FC1C96700D4F8C3 = {
						CreatedOnToolsVersion = 14.2;
						TestTargetID = 0485B2902FC1C96400D4F8C3;
					};
				};
			};
			buildConfigurationList = 0485B28C2FC1C96400D4F8C3 /* Build configuration list for PBXProject "StackFollow" */;
			compatibilityVersion = "Xcode 14.0";
			developmentRegion = en;
			hasScannedForEncodings = 0;
			knownRegions = (
				en,
				Base,
			);
			mainGroup = 0485B2882FC1C96400D4F8C3;
			productRefGroup = 0485B2922FC1C96400D4F8C3 /* Products */;
			projectDirPath = "";
			projectRoot = "";
			targets = (
				0485B2902FC1C96400D4F8C3 /* StackFollow */,
				0485B2A62FC1C96700D4F8C3 /* StackFollowTests */,
				0485B2B02FC1C96700D4F8C3 /* StackFollowUITests */,
			);
		};
/* End PBXProject section */

/* Begin PBXResourcesBuildPhase section */
		0485B28F2FC1C96400D4F8C3 /* Resources */ = {
			isa = PBXResourcesBuildPhase;
			buildActionMask = 2147483647;
			files = (
				0485B2A12FC1C96600D4F8C3 /* LaunchScreen.storyboard in Resources */,
				0485B29E2FC1C96600D4F8C3 /* Assets.xcassets in Resources */,
			);
			runOnlyForDeploymentPostprocessing = 0;
		};
		0485B2A52FC1C96700D4F8C3 /* Resources */ = {
			isa = PBXResourcesBuildPhase;
			buildActionMask = 2147483647;
			files = (
			);
			runOnlyForDeploymentPostprocessing = 0;
		};
		0485B2AF2FC1C96700D4F8C3 /* Resources */ = {
			isa = PBXResourcesBuildPhase;
			buildActionMask = 2147483647;
			files = (
			);
			runOnlyForDeploymentPostprocessing = 0;
		};
/* End PBXResourcesBuildPhase section */

/* Begin PBXSourcesBuildPhase section */
		0485B28D2FC1C96400D4F8C3 /* Sources */ = {
			isa = PBXSourcesBuildPhase;
			buildActionMask = 2147483647;
			files = (
				0485B2E12FC43EE100D4F8C3 /* URLSessionProtocol.swift in Sources */,
				0485B2992FC1C96400D4F8C3 /* UsersListViewController.swift in Sources */,
				0485B2D82FC210EA00D4F8C3 /* NetworkMonitor.swift in Sources */,
				0485B2D62FC2049500D4F8C3 /* UserModel.swift in Sources */,
				0485B2CF2FC1FD4100D4F8C3 /* NetworkClient.swift in Sources */,
				0485B2D42FC2041A00D4F8C3 /* UserService.swift in Sources */,
				0485B2C92FC1E13500D4F8C3 /* UsersListViewModel.swift in Sources */,
				0485B2DA2FC3015900D4F8C3 /* NetworkError.swift in Sources */,
				0485B2952FC1C96400D4F8C3 /* AppDelegate.swift in Sources */,
				0485B2972FC1C96400D4F8C3 /* SceneDelegate.swift in Sources */,
			);
			runOnlyForDeploymentPostprocessing = 0;
		};
		0485B2A32FC1C96700D4F8C3 /* Sources */ = {
			isa = PBXSourcesBuildPhase;
			buildActionMask = 2147483647;
			files = (
				0485B2E42FC448C000D4F8C3 /* NetworkClientTest.swift in Sources */,
				0485B2DE2FC43A2F00D4F8C3 /* MockURLSession.swift in Sources */,
				0485B2AC2FC1C96700D4F8C3 /* StackFollowTests.swift in Sources */,
				0485B2E92FC4787F00D4F8C3 /* UserServiceTest.swift in Sources */,
				0485B2E62FC4688F00D4F8C3 /* MockNetworkMonitor.swift in Sources */,
			);
			runOnlyForDeploymentPostprocessing = 0;
		};
		0485B2AD2FC1C96700D4F8C3 /* Sources */ = {
			isa = PBXSourcesBuildPhase;
			buildActionMask = 2147483647;
			files = (
				0485B2B82FC1C96700D4F8C3 /* StackFollowUITestsLaunchTests.swift in Sources */,
				0485B2B62FC1C96700D4F8C3 /* StackFollowUITests.swift in Sources */,
			);
			runOnlyForDeploymentPostprocessing = 0;
		};
/* End PBXSourcesBuildPhase section */

/* Begin PBXTargetDependency section */
		0485B2A92FC1C96700D4F8C3 /* PBXTargetDependency */ = {
			isa = PBXTargetDependency;
			target = 0485B2902FC1C96400D4F8C3 /* StackFollow */;
			targetProxy = 0485B2A82FC1C96700D4F8C3 /* PBXContainerItemProxy */;
		};
		0485B2B32FC1C96700D4F8C3 /* PBXTargetDependency */ = {
			isa = PBXTargetDependency;
			target = 0485B2902FC1C96400D4F8C3 /* StackFollow */;
			targetProxy = 0485B2B22FC1C96700D4F8C3 /* PBXContainerItemProxy */;
		};
/* End PBXTargetDependency section */

/* Begin PBXVariantGroup section */
		0485B29F2FC1C96600D4F8C3 /* LaunchScreen.storyboard */ = {
			isa = PBXVariantGroup;
			children = (
				0485B2A02FC1C96600D4F8C3 /* Base */,
			);
			name = LaunchScreen.storyboard;
			sourceTree = "<group>";
		};
/* End PBXVariantGroup section */

/* Begin XCBuildConfiguration section */
		0485B2B92FC1C96700D4F8C3 /* Debug */ = {
			isa = XCBuildConfiguration;
			buildSettings = {
				ALWAYS_SEARCH_USER_PATHS = NO;
				CLANG_ANALYZER_NONNULL = YES;
				CLANG_ANALYZER_NUMBER_OBJECT_CONVERSION = YES_AGGRESSIVE;
				CLANG_CXX_LANGUAGE_STANDARD = "gnu++20";
				CLANG_ENABLE_MODULES = YES;
				CLANG_ENABLE_OBJC_ARC = YES;
				CLANG_ENABLE_OBJC_WEAK = YES;
				CLANG_WARN_BLOCK_CAPTURE_AUTORELEASING = YES;
				CLANG_WARN_BOOL_CONVERSION = YES;
				CLANG_WARN_COMMA = YES;
				CLANG_WARN_CONSTANT_CONVERSION = YES;
				CLANG_WARN_DEPRECATED_OBJC_IMPLEMENTATIONS = YES;
				CLANG_WARN_DIRECT_OBJC_ISA_USAGE = YES_ERROR;
				CLANG_WARN_DOCUMENTATION_COMMENTS = YES;
				CLANG_WARN_EMPTY_BODY = YES;
				CLANG_WARN_ENUM_CONVERSION = YES;
				CLANG_WARN_INFINITE_RECURSION = YES;
				CLANG_WARN_INT_CONVERSION = YES;
				CLANG_WARN_NON_LITERAL_NULL_CONVERSION = YES;
				CLANG_WARN_OBJC_IMPLICIT_RETAIN_SELF = YES;
				CLANG_WARN_OBJC_LITERAL_CONVERSION = YES;
				CLANG_WARN_OBJC_ROOT_CLASS = YES_ERROR;
				CLANG_WARN_QUOTED_INCLUDE_IN_FRAMEWORK_HEADER = YES;
				CLANG_WARN_RANGE_LOOP_ANALYSIS = YES;
				CLANG_WARN_STRICT_PROTOTYPES = YES;
				CLANG_WARN_SUSPICIOUS_MOVE = YES;
				CLANG_WARN_UNGUARDED_AVAILABILITY = YES_AGGRESSIVE;
				CLANG_WARN_UNREACHABLE_CODE = YES;
				CLANG_WARN__DUPLICATE_METHOD_MATCH = YES;
				COPY_PHASE_STRIP = NO;
				DEBUG_INFORMATION_FORMAT = dwarf;
				ENABLE_STRICT_OBJC_MSGSEND = YES;
				ENABLE_TESTABILITY = YES;
				GCC_C_LANGUAGE_STANDARD = gnu11;
				GCC_DYNAMIC_NO_PIC = NO;
				GCC_NO_COMMON_BLOCKS = YES;
				GCC_OPTIMIZATION_LEVEL = 0;
				GCC_PREPROCESSOR_DEFINITIONS = (
					"DEBUG=1",
					"$(inherited)",
				);
				GCC_WARN_64_TO_32_BIT_CONVERSION = YES;
				GCC_WARN_ABOUT_RETURN_TYPE = YES_ERROR;
				GCC_WARN_UNDECLARED_SELECTOR = YES;
				GCC_WARN_UNINITIALIZED_AUTOS = YES_AGGRESSIVE;
				GCC_WARN_UNUSED_FUNCTION = YES;
				GCC_WARN_UNUSED_VARIABLE = YES;
				IPHONEOS_DEPLOYMENT_TARGET = 16.2;
				MTL_ENABLE_DEBUG_INFO = INCLUDE_SOURCE;
				MTL_FAST_MATH = YES;
				ONLY_ACTIVE_ARCH = YES;
				SDKROOT = iphoneos;
				SWIFT_ACTIVE_COMPILATION_CONDITIONS = DEBUG;
				SWIFT_OPTIMIZATION_LEVEL = "-Onone";
			};
			name = Debug;
		};
		0485B2BA2FC1C96700D4F8C3 /* Release */ = {
			isa = XCBuildConfiguration;
			buildSettings = {
				ALWAYS_SEARCH_USER_PATHS = NO;
				CLANG_ANALYZER_NONNULL = YES;
				CLANG_ANALYZER_NUMBER_OBJECT_CONVERSION = YES_AGGRESSIVE;
				CLANG_CXX_LANGUAGE_STANDARD = "gnu++20";
				CLANG_ENABLE_MODULES = YES;
				CLANG_ENABLE_OBJC_ARC = YES;
				CLANG_ENABLE_OBJC_WEAK = YES;
				CLANG_WARN_BLOCK_CAPTURE_AUTORELEASING = YES;
				CLANG_WARN_BOOL_CONVERSION = YES;
				CLANG_WARN_COMMA = YES;
				CLANG_WARN_CONSTANT_CONVERSION = YES;
				CLANG_WARN_DEPRECATED_OBJC_IMPLEMENTATIONS = YES;
				CLANG_WARN_DIRECT_OBJC_ISA_USAGE = YES_ERROR;
				CLANG_WARN_DOCUMENTATION_COMMENTS = YES;
				CLANG_WARN_EMPTY_BODY = YES;
				CLANG_WARN_ENUM_CONVERSION = YES;
				CLANG_WARN_INFINITE_RECURSION = YES;
				CLANG_WARN_INT_CONVERSION = YES;
				CLANG_WARN_NON_LITERAL_NULL_CONVERSION = YES;
				CLANG_WARN_OBJC_IMPLICIT_RETAIN_SELF = YES;
				CLANG_WARN_OBJC_LITERAL_CONVERSION = YES;
				CLANG_WARN_OBJC_ROOT_CLASS = YES_ERROR;
				CLANG_WARN_QUOTED_INCLUDE_IN_FRAMEWORK_HEADER = YES;
				CLANG_WARN_RANGE_LOOP_ANALYSIS = YES;
				CLANG_WARN_STRICT_PROTOTYPES = YES;
				CLANG_WARN_SUSPICIOUS_MOVE = YES;
				CLANG_WARN_UNGUARDED_AVAILABILITY = YES_AGGRESSIVE;
				CLANG_WARN_UNREACHABLE_CODE = YES;
				CLANG_WARN__DUPLICATE_METHOD_MATCH = YES;
				COPY_PHASE_STRIP = NO;
				DEBUG_INFORMATION_FORMAT = "dwarf-with-dsym";
				ENABLE_NS_ASSERTIONS = NO;
				ENABLE_STRICT_OBJC_MSGSEND = YES;
				GCC_C_LANGUAGE_STANDARD = gnu11;
				GCC_NO_COMMON_BLOCKS = YES;
				GCC_WARN_64_TO_32_BIT_CONVERSION = YES;
				GCC_WARN_ABOUT_RETURN_TYPE = YES_ERROR;
				GCC_WARN_UNDECLARED_SELECTOR = YES;
				GCC_WARN_UNINITIALIZED_AUTOS = YES_AGGRESSIVE;
				GCC_WARN_UNUSED_FUNCTION = YES;
				GCC_WARN_UNUSED_VARIABLE = YES;
				IPHONEOS_DEPLOYMENT_TARGET = 16.2;
				MTL_ENABLE_DEBUG_INFO = NO;
				MTL_FAST_MATH = YES;
				SDKROOT = iphoneos;
				SWIFT_COMPILATION_MODE = wholemodule;
				SWIFT_OPTIMIZATION_LEVEL = "-O";
				VALIDATE_PRODUCT = YES;
			};
			name = Release;
		};
		0485B2BC2FC1C96700D4F8C3 /* Debug */ = {
			isa = XCBuildConfiguration;
			buildSettings = {
				ASSETCATALOG_COMPILER_APPICON_NAME = AppIcon;
				ASSETCATALOG_COMPILER_GLOBAL_ACCENT_COLOR_NAME = AccentColor;
				CODE_SIGN_STYLE = Automatic;
				CURRENT_PROJECT_VERSION = 1;
				GENERATE_INFOPLIST_FILE = YES;
				INFOPLIST_FILE = StackFollow/Application/Info.plist;
				INFOPLIST_KEY_UIApplicationSupportsIndirectInputEvents = YES;
				INFOPLIST_KEY_UILaunchStoryboardName = LaunchScreen;
				INFOPLIST_KEY_UIMainStoryboardFile = "";
				INFOPLIST_KEY_UISupportedInterfaceOrientations_iPad = "UIInterfaceOrientationPortrait UIInterfaceOrientationPortraitUpsideDown UIInterfaceOrientationLandscapeLeft UIInterfaceOrientationLandscapeRight";
				INFOPLIST_KEY_UISupportedInterfaceOrientations_iPhone = "UIInterfaceOrientationPortrait UIInterfaceOrientationLandscapeLeft UIInterfaceOrientationLandscapeRight";
				LD_RUNPATH_SEARCH_PATHS = (
					"$(inherited)",
					"@executable_path/Frameworks",
				);
				MARKETING_VERSION = 1.0;
				PRODUCT_BUNDLE_IDENTIFIER = xyz.StackFollow;
				PRODUCT_NAME = "$(TARGET_NAME)";
				SWIFT_EMIT_LOC_STRINGS = YES;
				SWIFT_VERSION = 5.0;
				TARGETED_DEVICE_FAMILY = "1,2";
			};
			name = Debug;
		};
		0485B2BD2FC1C96700D4F8C3 /* Release */ = {
			isa = XCBuildConfiguration;
			buildSettings = {
				ASSETCATALOG_COMPILER_APPICON_NAME = AppIcon;
				ASSETCATALOG_COMPILER_GLOBAL_ACCENT_COLOR_NAME = AccentColor;
				CODE_SIGN_STYLE = Automatic;
				CURRENT_PROJECT_VERSION = 1;
				GENERATE_INFOPLIST_FILE = YES;
				INFOPLIST_FILE = StackFollow/Application/Info.plist;
				INFOPLIST_KEY_UIApplicationSupportsIndirectInputEvents = YES;
				INFOPLIST_KEY_UILaunchStoryboardName = LaunchScreen;
				INFOPLIST_KEY_UIMainStoryboardFile = "";
				INFOPLIST_KEY_UISupportedInterfaceOrientations_iPad = "UIInterfaceOrientationPortrait UIInterfaceOrientationPortraitUpsideDown UIInterfaceOrientationLandscapeLeft UIInterfaceOrientationLandscapeRight";
				INFOPLIST_KEY_UISupportedInterfaceOrientations_iPhone = "UIInterfaceOrientationPortrait UIInterfaceOrientationLandscapeLeft UIInterfaceOrientationLandscapeRight";
				LD_RUNPATH_SEARCH_PATHS = (
					"$(inherited)",
					"@executable_path/Frameworks",
				);
				MARKETING_VERSION = 1.0;
				PRODUCT_BUNDLE_IDENTIFIER = xyz.StackFollow;
				PRODUCT_NAME = "$(TARGET_NAME)";
				SWIFT_EMIT_LOC_STRINGS = YES;
				SWIFT_VERSION = 5.0;
				TARGETED_DEVICE_FAMILY = "1,2";
			};
			name = Release;
		};
		0485B2BF2FC1C96700D4F8C3 /* Debug */ = {
			isa = XCBuildConfiguration;
			buildSettings = {
				ALWAYS_EMBED_SWIFT_STANDARD_LIBRARIES = YES;
				BUNDLE_LOADER = "$(TEST_HOST)";
				CODE_SIGN_STYLE = Automatic;
				CURRENT_PROJECT_VERSION = 1;
				GENERATE_INFOPLIST_FILE = YES;
				IPHONEOS_DEPLOYMENT_TARGET = 16.2;
				MARKETING_VERSION = 1.0;
				PRODUCT_BUNDLE_IDENTIFIER = xyz.StackFollowTests;
				PRODUCT_NAME = "$(TARGET_NAME)";
				SWIFT_EMIT_LOC_STRINGS = NO;
				SWIFT_VERSION = 5.0;
				TARGETED_DEVICE_FAMILY = "1,2";
				TEST_HOST = "$(BUILT_PRODUCTS_DIR)/StackFollow.app/$(BUNDLE_EXECUTABLE_FOLDER_PATH)/StackFollow";
			};
			name = Debug;
		};
		0485B2C02FC1C96700D4F8C3 /* Release */ = {
			isa = XCBuildConfiguration;
			buildSettings = {
				ALWAYS_EMBED_SWIFT_STANDARD_LIBRARIES = YES;
				BUNDLE_LOADER = "$(TEST_HOST)";
				CODE_SIGN_STYLE = Automatic;
				CURRENT_PROJECT_VERSION = 1;
				GENERATE_INFOPLIST_FILE = YES;
				IPHONEOS_DEPLOYMENT_TARGET = 16.2;
				MARKETING_VERSION = 1.0;
				PRODUCT_BUNDLE_IDENTIFIER = xyz.StackFollowTests;
				PRODUCT_NAME = "$(TARGET_NAME)";
				SWIFT_EMIT_LOC_STRINGS = NO;
				SWIFT_VERSION = 5.0;
				TARGETED_DEVICE_FAMILY = "1,2";
				TEST_HOST = "$(BUILT_PRODUCTS_DIR)/StackFollow.app/$(BUNDLE_EXECUTABLE_FOLDER_PATH)/StackFollow";
			};
			name = Release;
		};
		0485B2C22FC1C96700D4F8C3 /* Debug */ = {
			isa = XCBuildConfiguration;
			buildSettings = {
				ALWAYS_EMBED_SWIFT_STANDARD_LIBRARIES = YES;
				CODE_SIGN_STYLE = Automatic;
				CURRENT_PROJECT_VERSION = 1;
				GENERATE_INFOPLIST_FILE = YES;
				MARKETING_VERSION = 1.0;
				PRODUCT_BUNDLE_IDENTIFIER = xyz.StackFollowUITests;
				PRODUCT_NAME = "$(TARGET_NAME)";
				SWIFT_EMIT_LOC_STRINGS = NO;
				SWIFT_VERSION = 5.0;
				TARGETED_DEVICE_FAMILY = "1,2";
				TEST_TARGET_NAME = StackFollow;
			};
			name = Debug;
		};
		0485B2C32FC1C96700D4F8C3 /* Release */ = {
			isa = XCBuildConfiguration;
			buildSettings = {
				ALWAYS_EMBED_SWIFT_STANDARD_LIBRARIES = YES;
				CODE_SIGN_STYLE = Automatic;
				CURRENT_PROJECT_VERSION = 1;
				GENERATE_INFOPLIST_FILE = YES;
				MARKETING_VERSION = 1.0;
				PRODUCT_BUNDLE_IDENTIFIER = xyz.StackFollowUITests;
				PRODUCT_NAME = "$(TARGET_NAME)";
				SWIFT_EMIT_LOC_STRINGS = NO;
				SWIFT_VERSION = 5.0;
				TARGETED_DEVICE_FAMILY = "1,2";
				TEST_TARGET_NAME = StackFollow;
			};
			name = Release;
		};
/* End XCBuildConfiguration section */

/* Begin XCConfigurationList section */
		0485B28C2FC1C96400D4F8C3 /* Build configuration list for PBXProject "StackFollow" */ = {
			isa = XCConfigurationList;
			buildConfigurations = (
				0485B2B92FC1C96700D4F8C3 /* Debug */,
				0485B2BA2FC1C96700D4F8C3 /* Release */,
			);
			defaultConfigurationIsVisible = 0;
			defaultConfigurationName = Release;
		};
		0485B2BB2FC1C96700D4F8C3 /* Build configuration list for PBXNativeTarget "StackFollow" */ = {
			isa = XCConfigurationList;
			buildConfigurations = (
				0485B2BC2FC1C96700D4F8C3 /* Debug */,
				0485B2BD2FC1C96700D4F8C3 /* Release */,
			);
			defaultConfigurationIsVisible = 0;
			defaultConfigurationName = Release;
		};
		0485B2BE2FC1C96700D4F8C3 /* Build configuration list for PBXNativeTarget "StackFollowTests" */ = {
			isa = XCConfigurationList;
			buildConfigurations = (
				0485B2BF2FC1C96700D4F8C3 /* Debug */,
				0485B2C02FC1C96700D4F8C3 /* Release */,
			);
			defaultConfigurationIsVisible = 0;
			defaultConfigurationName = Release;
		};
		0485B2C12FC1C96700D4F8C3 /* Build configuration list for PBXNativeTarget "StackFollowUITests" */ = {
			isa = XCConfigurationList;
			buildConfigurations = (
				0485B2C22FC1C96700D4F8C3 /* Debug */,
				0485B2C32FC1C96700D4F8C3 /* Release */,
			);
			defaultConfigurationIsVisible = 0;
			defaultConfigurationName = Release;
		};
/* End XCConfigurationList section */
	};
	rootObject = 0485B2892FC1C96400D4F8C3 /* Project object */;
}
